// !$*UTF8*$!
{
	archiveVersion = 1;
	classes = {
	};
	objectVersion = 50;
	objects = {

/* Begin PBXBuildFile section */
		4E5098AE20FDEBB500DE7FC3 /* AppDelegate.swift in Sources */ = {isa = PBXBuildFile; fileRef = 4E5098AD20FDEBB500DE7FC3 /* AppDelegate.swift */; };
		4E5098B020FDEBB500DE7FC3 /* ViewController.swift in Sources */ = {isa = PBXBuildFile; fileRef = 4E5098AF20FDEBB500DE7FC3 /* ViewController.swift */; };
		4E5098B320FDEBB500DE7FC3 /* Main.storyboard in Resources */ = {isa = PBXBuildFile; fileRef = 4E5098B120FDEBB500DE7FC3 /* Main.storyboard */; };
		4E5098B520FDEBB600DE7FC3 /* Assets.xcassets in Resources */ = {isa = PBXBuildFile; fileRef = 4E5098B420FDEBB600DE7FC3 /* Assets.xcassets */; };
		4E5098B820FDEBB600DE7FC3 /* LaunchScreen.storyboard in Resources */ = {isa = PBXBuildFile; fileRef = 4E5098B620FDEBB600DE7FC3 /* LaunchScreen.storyboard */; };
		4E5098C320FDEBB600DE7FC3 /* ios_sandbox_twoTests.swift in Sources */ = {isa = PBXBuildFile; fileRef = 4E5098C220FDEBB600DE7FC3 /* ios_sandbox_twoTests.swift */; };
		4E5098CE20FDEBB600DE7FC3 /* ios_sandbox_twoUITests.swift in Sources */ = {isa = PBXBuildFile; fileRef = 4E5098CD20FDEBB600DE7FC3 /* ios_sandbox_twoUITests.swift */; };
/* End PBXBuildFile section */

/* Begin PBXContainerItemProxy section */
		4E5098BF20FDEBB600DE7FC3 /* PBXContainerItemProxy */ = {
			isa = PBXContainerItemProxy;
			containerPortal = 4E5098A220FDEBB500DE7FC3 /* Project object */;
			proxyType = 1;
			remoteGlobalIDString = 4E5098A920FDEBB500DE7FC3;
			remoteInfo = "ios-sandbox-two";
		};
		4E5098CA20FDEBB600DE7FC3 /* PBXContainerItemProxy */ = {
			isa = PBXContainerItemProxy;
			containerPortal = 4E5098A220FDEBB500DE7FC3 /* Project object */;
			proxyType = 1;
			remoteGlobalIDString = 4E5098A920FDEBB500DE7FC3;
			remoteInfo = "ios-sandbox-two";
		};
/* End PBXContainerItemProxy section */

/* Begin PBXFileReference section */
		4E5098AA20FDEBB500DE7FC3 /* ios-sandbox-two.app */ = {isa = PBXFileReference; explicitFileType = wrapper.application; includeInIndex = 0; path = "ios-sandbox-two.app"; sourceTree = BUILT_PRODUCTS_DIR; };
		4E5098AD20FDEBB500DE7FC3 /* AppDelegate.swift */ = {isa = PBXFileReference; lastKnownFileType = sourcecode.swift; path = AppDelegate.swift; sourceTree = "<group>"; };
		4E5098AF20FDEBB500DE7FC3 /* ViewController.swift */ = {isa = PBXFileReference; lastKnownFileType = sourcecode.swift; path = ViewController.swift; sourceTree = "<group>"; };
		4E5098B220FDEBB500DE7FC3 /* Base */ = {isa = PBXFileReference; lastKnownFileType = file.storyboard; name = Base; path = Base.lproj/Main.storyboard; sourceTree = "<group>"; };
		4E5098B420FDEBB600DE7FC3 /* Assets.xcassets */ = {isa = PBXFileReference; lastKnownFileType = folder.assetcatalog; path = Assets.xcassets; sourceTree = "<group>"; };
		4E5098B720FDEBB600DE7FC3 /* Base */ = {isa = PBXFileReference; lastKnownFileType = file.storyboard; name = Base; path = Base.lproj/LaunchScreen.storyboard; sourceTree = "<group>"; };
		4E5098B920FDEBB600DE7FC3 /* Info.plist */ = {isa = PBXFileReference; lastKnownFileType = text.plist.xml; path = Info.plist; sourceTree = "<group>"; };
		4E5098BE20FDEBB600DE7FC3 /* ios-sandbox-twoTests.xctest */ = {isa = PBXFileReference; explicitFileType = wrapper.cfbundle; includeInIndex = 0; path = "ios-sandbox-twoTests.xctest"; sourceTree = BUILT_PRODUCTS_DIR; };
		4E5098C220FDEBB600DE7FC3 /* ios_sandbox_twoTests.swift */ = {isa = PBXFileReference; lastKnownFileType = sourcecode.swift; path = ios_sandbox_twoTests.swift; sourceTree = "<group>"; };
		4E5098C420FDEBB600DE7FC3 /* Info.plist */ = {isa = PBXFileReference; lastKnownFileType = text.plist.xml; path = Info.plist; sourceTree = "<group>"; };
		4E5098C920FDEBB600DE7FC3 /* ios-sandbox-twoUITests.xctest */ = {isa = PBXFileReference; explicitFileType = wrapper.cfbundle; includeInIndex = 0; path = "ios-sandbox-twoUITests.xctest"; sourceTree = BUILT_PRODUCTS_DIR; };
		4E5098CD20FDEBB600DE7FC3 /* ios_sandbox_twoUITests.swift */ = {isa = PBXFileReference; lastKnownFileType = sourcecode.swift; path = ios_sandbox_twoUITests.swift; sourceTree = "<group>"; };
		4E5098CF20FDEBB600DE7FC3 /* Info.plist */ = {isa = PBXFileReference; lastKnownFileType = text.plist.xml; path = Info.plist; sourceTree = "<group>"; };
/* End PBXFileReference section */

/* Begin PBXFrameworksBuildPhase section */
		4E5098A720FDEBB500DE7FC3 /* Frameworks */ = {
			isa = PBXFrameworksBuildPhase;
			buildActionMask = 2147483647;
			files = (
			);
			runOnlyForDeploymentPostprocessing = 0;
		};
		4E5098BB20FDEBB600DE7FC3 /* Frameworks */ = {
			isa = PBXFrameworksBuildPhase;
			buildActionMask = 2147483647;
			files = (
			);
			runOnlyForDeploymentPostprocessing = 0;
		};
		4E5098C620FDEBB600DE7FC3 /* Frameworks */ = {
			isa = PBXFrameworksBuildPhase;
			buildActionMask = 2147483647;
			files = (
			);
			runOnlyForDeploymentPostprocessing = 0;
		};
/* End PBXFrameworksBuildPhase section */

/* Begin PBXGroup section */
		4E5098A120FDEBB500DE7FC3 = {
			isa = PBXGroup;
			children = (
				4E5098AC20FDEBB500DE7FC3 /* ios-sandbox-two */,
				4E5098C120FDEBB600DE7FC3 /* ios-sandbox-twoTests */,
				4E5098CC20FDEBB600DE7FC3 /* ios-sandbox-twoUITests */,
				4E5098AB20FDEBB500DE7FC3 /* Products */,
			);
			sourceTree = "<group>";
		};
		4E5098AB20FDEBB500DE7FC3 /* Products */ = {
			isa = PBXGroup;
			children = (
				4E5098AA20FDEBB500DE7FC3 /* ios-sandbox-two.app */,
				4E5098BE20FDEBB600DE7FC3 /* ios-sandbox-twoTests.xctest */,
				4E5098C920FDEBB600DE7FC3 /* ios-sandbox-twoUITests.xctest */,
			);
			name = Products;
			sourceTree = "<group>";
		};
		4E5098AC20FDEBB500DE7FC3 /* ios-sandbox-two */ = {
			isa = PBXGroup;
			children = (
				4E5098AD20FDEBB500DE7FC3 /* AppDelegate.swift */,
				4E5098AF20FDEBB500DE7FC3 /* ViewController.swift */,
				4E5098B120FDEBB500DE7FC3 /* Main.storyboard */,
				4E5098B420FDEBB600DE7FC3 /* Assets.xcassets */,
				4E5098B620FDEBB600DE7FC3 /* LaunchScreen.storyboard */,
				4E5098B920FDEBB600DE7FC3 /* Info.plist */,
			);
			path = "ios-sandbox-two";
			sourceTree = "<group>";
		};
		4E5098C120FDEBB600DE7FC3 /* ios-sandbox-twoTests */ = {
			isa = PBXGroup;
			children = (
				4E5098C220FDEBB600DE7FC3 /* ios_sandbox_twoTests.swift */,
				4E5098C420FDEBB600DE7FC3 /* Info.plist */,
			);
			path = "ios-sandbox-twoTests";
			sourceTree = "<group>";
		};
		4E5098CC20FDEBB600DE7FC3 /* ios-sandbox-twoUITests */ = {
			isa = PBXGroup;
			children = (
				4E5098CD20FDEBB600DE7FC3 /* ios_sandbox_twoUITests.swift */,
				4E5098CF20FDEBB600DE7FC3 /* Info.plist */,
			);
			path = "ios-sandbox-twoUITests";
			sourceTree = "<group>";
		};
/* End PBXGroup section */

/* Begin PBXNativeTarget section */
		4E5098A920FDEBB500DE7FC3 /* ios-sandbox-two */ = {
			isa = PBXNativeTarget;
			buildConfigurationList = 4E5098D220FDEBB600DE7FC3 /* Build configuration list for PBXNativeTarget "ios-sandbox-two" */;
			buildPhases = (
				4E5098A620FDEBB500DE7FC3 /* Sources */,
				4E5098A720FDEBB500DE7FC3 /* Frameworks */,
				4E5098A820FDEBB500DE7FC3 /* Resources */,
			);
			buildRules = (
			);
			dependencies = (
			);
			name = "ios-sandbox-two";
			productName = "ios-sandbox-two";
			productReference = 4E5098AA20FDEBB500DE7FC3 /* ios-sandbox-two.app */;
			productType = "com.apple.product-type.application";
		};
		4E5098BD20FDEBB600DE7FC3 /* ios-sandbox-twoTests */ = {
			isa = PBXNativeTarget;
			buildConfigurationList = 4E5098D520FDEBB600DE7FC3 /* Build configuration list for PBXNativeTarget "ios-sandbox-twoTests" */;
			buildPhases = (
				4E5098BA20FDEBB600DE7FC3 /* Sources */,
				4E5098BB20FDEBB600DE7FC3 /* Frameworks */,
				4E5098BC20FDEBB600DE7FC3 /* Resources */,
			);
			buildRules = (
			);
			dependencies = (
				4E5098C020FDEBB600DE7FC3 /* PBXTargetDependency */,
			);
			name = "ios-sandbox-twoTests";
			productName = "ios-sandbox-twoTests";
			productReference = 4E5098BE20FDEBB600DE7FC3 /* ios-sandbox-twoTests.xctest */;
			productType = "com.apple.product-type.bundle.unit-test";
		};
		4E5098C820FDEBB600DE7FC3 /* ios-sandbox-twoUITests */ = {
			isa = PBXNativeTarget;
			buildConfigurationList = 4E5098D820FDEBB600DE7FC3 /* Build configuration list for PBXNativeTarget "ios-sandbox-twoUITests" */;
			buildPhases = (
				4E5098C520FDEBB600DE7FC3 /* Sources */,
				4E5098C620FDEBB600DE7FC3 /* Frameworks */,
				4E5098C720FDEBB600DE7FC3 /* Resources */,
			);
			buildRules = (
			);
			dependencies = (
				4E5098CB20FDEBB600DE7FC3 /* PBXTargetDependency */,
			);
			name = "ios-sandbox-twoUITests";
			productName = "ios-sandbox-twoUITests";
			productReference = 4E5098C920FDEBB600DE7FC3 /* ios-sandbox-twoUITests.xctest */;
			productType = "com.apple.product-type.bundle.ui-testing";
		};
/* End PBXNativeTarget section */

/* Begin PBXProject section */
		4E5098A220FDEBB500DE7FC3 /* Project object */ = {
			isa = PBXProject;
			attributes = {
				LastSwiftUpdateCheck = 0940;
				LastUpgradeCheck = 0940;
				ORGANIZATIONNAME = "Mathieu Stiehl";
				TargetAttributes = {
					4E5098A920FDEBB500DE7FC3 = {
						CreatedOnToolsVersion = 9.4.1;
					};
					4E5098BD20FDEBB600DE7FC3 = {
						CreatedOnToolsVersion = 9.4.1;
						TestTargetID = 4E5098A920FDEBB500DE7FC3;
					};
					4E5098C820FDEBB600DE7FC3 = {
						CreatedOnToolsVersion = 9.4.1;
						TestTargetID = 4E5098A920FDEBB500DE7FC3;
					};
				};
			};
			buildConfigurationList = 4E5098A520FDEBB500DE7FC3 /* Build configuration list for PBXProject "ios-sandbox-two" */;
			compatibilityVersion = "Xcode 9.3";
			developmentRegion = en;
			hasScannedForEncodings = 0;
			knownRegions = (
				en,
				Base,
			);
			mainGroup = 4E5098A120FDEBB500DE7FC3;
			productRefGroup = 4E5098AB20FDEBB500DE7FC3 /* Products */;
			projectDirPath = "";
			projectRoot = "";
			targets = (
				4E5098A920FDEBB500DE7FC3 /* ios-sandbox-two */,
				4E5098BD20FDEBB600DE7FC3 /* ios-sandbox-twoTests */,
				4E5098C820FDEBB600DE7FC3 /* ios-sandbox-twoUITests */,
			);
		};
/* End PBXProject section */

/* Begin PBXResourcesBuildPhase section */
		4E5098A820FDEBB500DE7FC3 /* Resources */ = {
			isa = PBXResourcesBuildPhase;
			buildActionMask = 2147483647;
			files = (
				4E5098B820FDEBB600DE7FC3 /* LaunchScreen.storyboard in Resources */,
				4E5098B520FDEBB600DE7FC3 /* Assets.xcassets in Resources */,
				4E5098B320FDEBB500DE7FC3 /* Main.storyboard in Resources */,
			);
			runOnlyForDeploymentPostprocessing = 0;
		};
		4E5098BC20FDEBB600DE7FC3 /* Resources */ = {
			isa = PBXResourcesBuildPhase;
			buildActionMask = 2147483647;
			files = (
			);
			runOnlyForDeploymentPostprocessing = 0;
		};
		4E5098C720FDEBB600DE7FC3 /* Resources */ = {
			isa = PBXResourcesBuildPhase;
			buildActionMask = 2147483647;
			files = (
			);
			runOnlyForDeploymentPostprocessing = 0;
		};
/* End PBXResourcesBuildPhase section */

/* Begin PBXSourcesBuildPhase section */
		4E5098A620FDEBB500DE7FC3 /* Sources */ = {
			isa = PBXSourcesBuildPhase;
			buildActionMask = 2147483647;
			files = (
				4E5098B020FDEBB500DE7FC3 /* ViewController.swift in Sources */,
				4E5098AE20FDEBB500DE7FC3 /* AppDelegate.swift in Sources */,
			);
			runOnlyForDeploymentPostprocessing = 0;
		};
		4E5098BA20FDEBB600DE7FC3 /* Sources */ = {
			isa = PBXSourcesBuildPhase;
			buildActionMask = 2147483647;
			files = (
				4E5098C320FDEBB600DE7FC3 /* ios_sandbox_twoTests.swift in Sources */,
			);
			runOnlyForDeploymentPostprocessing = 0;
		};
		4E5098C520FDEBB600DE7FC3 /* Sources */ = {
			isa = PBXSourcesBuildPhase;
			buildActionMask = 2147483647;
			files = (
				4E5098CE20FDEBB600DE7FC3 /* ios_sandbox_twoUITests.swift in Sources */,
			);
			runOnlyForDeploymentPostprocessing = 0;
		};
/* End PBXSourcesBuildPhase section */

/* Begin PBXTargetDependency section */
		4E5098C020FDEBB600DE7FC3 /* PBXTargetDependency */ = {
			isa = PBXTargetDependency;
			target = 4E5098A920FDEBB500DE7FC3 /* ios-sandbox-two */;
			targetProxy = 4E5098BF20FDEBB600DE7FC3 /* PBXContainerItemProxy */;
		};
		4E5098CB20FDEBB600DE7FC3 /* PBXTargetDependency */ = {
			isa = PBXTargetDependency;
			target = 4E5098A920FDEBB500DE7FC3 /* ios-sandbox-two */;
			targetProxy = 4E5098CA20FDEBB600DE7FC3 /* PBXContainerItemProxy */;
		};
/* End PBXTargetDependency section */

/* Begin PBXVariantGroup section */
		4E5098B120FDEBB500DE7FC3 /* Main.storyboard */ = {
			isa = PBXVariantGroup;
			children = (
				4E5098B220FDEBB500DE7FC3 /* Base */,
			);
			name = Main.storyboard;
			sourceTree = "<group>";
		};
		4E5098B620FDEBB600DE7FC3 /* LaunchScreen.storyboard */ = {
			isa = PBXVariantGroup;
			children = (
				4E5098B720FDEBB600DE7FC3 /* Base */,
			);
			name = LaunchScreen.storyboard;
			sourceTree = "<group>";
		};
/* End PBXVariantGroup section */

/* Begin XCBuildConfiguration section */
		4E5098D020FDEBB600DE7FC3 /* Debug */ = {
			isa = XCBuildConfiguration;
			buildSettings = {
				ALWAYS_SEARCH_USER_PATHS = NO;
				CLANG_ANALYZER_NONNULL = YES;
				CLANG_ANALYZER_NUMBER_OBJECT_CONVERSION = YES_AGGRESSIVE;
				CLANG_CXX_LANGUAGE_STANDARD = "gnu++14";
				CLANG_CXX_LIBRARY = "libc++";
				CLANG_ENABLE_MODULES = YES;
				CLANG_ENABLE_OBJC_ARC = YES;
				CLANG_ENABLE_OBJC_WEAK = YES;
				CLANG_WARN_BLOCK_CAPTURE_AUTORELEASING = YES;
				CLANG_WARN_BOOL_CONVERSION = YES;
				CLANG_WARN_COMMA = YES;
				CLANG_WARN_CONSTANT_CONVERSION = YES;
				CLANG_WARN_DEPRECATED_OBJC_IMPLEMENTATIONS = YES;
				CLANG_WARN_DIRECT_OBJC_ISA_USAGE = YES_ERROR;
				CLANG_WARN_DOCUMENTATION_COMMENTS = YES;
				CLANG_WARN_EMPTY_BODY = YES;
				CLANG_WARN_ENUM_CONVERSION = YES;
				CLANG_WARN_INFINITE_RECURSION = YES;
				CLANG_WARN_INT_CONVERSION = YES;
				CLANG_WARN_NON_LITERAL_NULL_CONVERSION = YES;
				CLANG_WARN_OBJC_IMPLICIT_RETAIN_SELF = YES;
				CLANG_WARN_OBJC_LITERAL_CONVERSION = YES;
				CLANG_WARN_OBJC_ROOT_CLASS = YES_ERROR;
				CLANG_WARN_RANGE_LOOP_ANALYSIS = YES;
				CLANG_WARN_STRICT_PROTOTYPES = YES;
				CLANG_WARN_SUSPICIOUS_MOVE = YES;
				CLANG_WARN_UNGUARDED_AVAILABILITY = YES_AGGRESSIVE;
				CLANG_WARN_UNREACHABLE_CODE = YES;
				CLANG_WARN__DUPLICATE_METHOD_MATCH = YES;
				CODE_SIGN_IDENTITY = "iPhone Developer";
				COPY_PHASE_STRIP = NO;
				DEBUG_INFORMATION_FORMAT = dwarf;
				ENABLE_STRICT_OBJC_MSGSEND = YES;
				ENABLE_TESTABILITY = YES;
				GCC_C_LANGUAGE_STANDARD = gnu11;
				GCC_DYNAMIC_NO_PIC = NO;
				GCC_NO_COMMON_BLOCKS = YES;
				GCC_OPTIMIZATION_LEVEL = 0;
				GCC_PREPROCESSOR_DEFINITIONS = (
					"DEBUG=1",
					"$(inherited)",
				);
				GCC_WARN_64_TO_32_BIT_CONVERSION = YES;
				GCC_WARN_ABOUT_RETURN_TYPE = YES_ERROR;
				GCC_WARN_UNDECLARED_SELECTOR = YES;
				GCC_WARN_UNINITIALIZED_AUTOS = YES_AGGRESSIVE;
				GCC_WARN_UNUSED_FUNCTION = YES;
				GCC_WARN_UNUSED_VARIABLE = YES;
				IPHONEOS_DEPLOYMENT_TARGET = 11.4;
				MTL_ENABLE_DEBUG_INFO = YES;
				ONLY_ACTIVE_ARCH = YES;
				SDKROOT = iphoneos;
				SWIFT_ACTIVE_COMPILATION_CONDITIONS = DEBUG;
				SWIFT_OPTIMIZATION_LEVEL = "-Onone";
			};
			name = Debug;
		};
		4E5098D120FDEBB600DE7FC3 /* Release */ = {
			isa = XCBuildConfiguration;
			buildSettings = {
				ALWAYS_SEARCH_USER_PATHS = NO;
				CLANG_ANALYZER_NONNULL = YES;
				CLANG_ANALYZER_NUMBER_OBJECT_CONVERSION = YES_AGGRESSIVE;
				CLANG_CXX_LANGUAGE_STANDARD = "gnu++14";
				CLANG_CXX_LIBRARY = "libc++";
				CLANG_ENABLE_MODULES = YES;
				CLANG_ENABLE_OBJC_ARC = YES;
				CLANG_ENABLE_OBJC_WEAK = YES;
				CLANG_WARN_BLOCK_CAPTURE_AUTORELEASING = YES;
				CLANG_WARN_BOOL_CONVERSION = YES;
				CLANG_WARN_COMMA = YES;
				CLANG_WARN_CONSTANT_CONVERSION = YES;
				CLANG_WARN_DEPRECATED_OBJC_IMPLEMENTATIONS = YES;
				CLANG_WARN_DIRECT_OBJC_ISA_USAGE = YES_ERROR;
				CLANG_WARN_DOCUMENTATION_COMMENTS = YES;
				CLANG_WARN_EMPTY_BODY = YES;
				CLANG_WARN_ENUM_CONVERSION = YES;
				CLANG_WARN_INFINITE_RECURSION = YES;
				CLANG_WARN_INT_CONVERSION = YES;
				CLANG_WARN_NON_LITERAL_NULL_CONVERSION = YES;
				CLANG_WARN_OBJC_IMPLICIT_RETAIN_SELF = YES;
				CLANG_WARN_OBJC_LITERAL_CONVERSION = YES;
				CLANG_WARN_OBJC_ROOT_CLASS = YES_ERROR;
				CLANG_WARN_RANGE_LOOP_ANALYSIS = YES;
				CLANG_WARN_STRICT_PROTOTYPES = YES;
				CLANG_WARN_SUSPICIOUS_MOVE = YES;
				CLANG_WARN_UNGUARDED_AVAILABILITY = YES_AGGRESSIVE;
				CLANG_WARN_UNREACHABLE_CODE = YES;
				CLANG_WARN__DUPLICATE_METHOD_MATCH = YES;
				CODE_SIGN_IDENTITY = "iPhone Developer";
				COPY_PHASE_STRIP = NO;
				DEBUG_INFORMATION_FORMAT = "dwarf-with-dsym";
				ENABLE_NS_ASSERTIONS = NO;
				ENABLE_STRICT_OBJC_MSGSEND = YES;
				GCC_C_LANGUAGE_STANDARD = gnu11;
				GCC_NO_COMMON_BLOCKS = YES;
				GCC_WARN_64_TO_32_BIT_CONVERSION = YES;
				GCC_WARN_ABOUT_RETURN_TYPE = YES_ERROR;
				GCC_WARN_UNDECLARED_SELECTOR = YES;
				GCC_WARN_UNINITIALIZED_AUTOS = YES_AGGRESSIVE;
				GCC_WARN_UNUSED_FUNCTION = YES;
				GCC_WARN_UNUSED_VARIABLE = YES;
				IPHONEOS_DEPLOYMENT_TARGET = 11.4;
				MTL_ENABLE_DEBUG_INFO = NO;
				SDKROOT = iphoneos;
				SWIFT_COMPILATION_MODE = wholemodule;
				SWIFT_OPTIMIZATION_LEVEL = "-O";
				VALIDATE_PRODUCT = YES;
			};
			name = Release;
		};
		4E5098D320FDEBB600DE7FC3 /* Debug */ = {
			isa = XCBuildConfiguration;
			buildSettings = {
				ASSETCATALOG_COMPILER_APPICON_NAME = AppIcon;
				CODE_SIGN_STYLE = Automatic;
				INFOPLIST_FILE = "ios-sandbox-two/Info.plist";
				LD_RUNPATH_SEARCH_PATHS = (
					"$(inherited)",
					"@executable_path/Frameworks",
				);
				PRODUCT_BUNDLE_IDENTIFIER = "com.mathieukls.ios-sandbox-two";
				PRODUCT_NAME = "$(TARGET_NAME)";
				SWIFT_VERSION = 4.0;
				TARGETED_DEVICE_FAMILY = "1,2";
			};
			name = Debug;
		};
		4E5098D420FDEBB600DE7FC3 /* Release */ = {
			isa = XCBuildConfiguration;
			buildSettings = {
				ASSETCATALOG_COMPILER_APPICON_NAME = AppIcon;
				CODE_SIGN_STYLE = Automatic;
				INFOPLIST_FILE = "ios-sandbox-two/Info.plist";
				LD_RUNPATH_SEARCH_PATHS = (
					"$(inherited)",
					"@executable_path/Frameworks",
				);
				PRODUCT_BUNDLE_IDENTIFIER = "com.mathieukls.ios-sandbox-two";
				PRODUCT_NAME = "$(TARGET_NAME)";
				SWIFT_VERSION = 4.0;
				TARGETED_DEVICE_FAMILY = "1,2";
			};
			name = Release;
		};
		4E5098D620FDEBB600DE7FC3 /* Debug */ = {
			isa = XCBuildConfiguration;
			buildSettings = {
				ALWAYS_EMBED_SWIFT_STANDARD_LIBRARIES = YES;
				BUNDLE_LOADER = "$(TEST_HOST)";
				CODE_SIGN_STYLE = Automatic;
				INFOPLIST_FILE = "ios-sandbox-twoTests/Info.plist";
				LD_RUNPATH_SEARCH_PATHS = (
					"$(inherited)",
					"@executable_path/Frameworks",
					"@loader_path/Frameworks",
				);
				PRODUCT_BUNDLE_IDENTIFIER = "com.mathieukls.ios-sandbox-twoTests";
				PRODUCT_NAME = "$(TARGET_NAME)";
				SWIFT_VERSION = 4.0;
				TARGETED_DEVICE_FAMILY = "1,2";
				TEST_HOST = "$(BUILT_PRODUCTS_DIR)/ios-sandbox-two.app/ios-sandbox-two";
			};
			name = Debug;
		};
		4E5098D720FDEBB600DE7FC3 /* Release */ = {
			isa = XCBuildConfiguration;
			buildSettings = {
				ALWAYS_EMBED_SWIFT_STANDARD_LIBRARIES = YES;
				BUNDLE_LOADER = "$(TEST_HOST)";
				CODE_SIGN_STYLE = Automatic;
				INFOPLIST_FILE = "ios-sandbox-twoTests/Info.plist";
				LD_RUNPATH_SEARCH_PATHS = (
					"$(inherited)",
					"@executable_path/Frameworks",
					"@loader_path/Frameworks",
				);
				PRODUCT_BUNDLE_IDENTIFIER = "com.mathieukls.ios-sandbox-twoTests";
				PRODUCT_NAME = "$(TARGET_NAME)";
				SWIFT_VERSION = 4.0;
				TARGETED_DEVICE_FAMILY = "1,2";
				TEST_HOST = "$(BUILT_PRODUCTS_DIR)/ios-sandbox-two.app/ios-sandbox-two";
			};
			name = Release;
		};
		4E5098D920FDEBB600DE7FC3 /* Debug */ = {
			isa = XCBuildConfiguration;
			buildSettings = {
				ALWAYS_EMBED_SWIFT_STANDARD_LIBRARIES = YES;
				CODE_SIGN_STYLE = Automatic;
				INFOPLIST_FILE = "ios-sandbox-twoUITests/Info.plist";
				LD_RUNPATH_SEARCH_PATHS = (
					"$(inherited)",
					"@executable_path/Frameworks",
					"@loader_path/Frameworks",
				);
				PRODUCT_BUNDLE_IDENTIFIER = "com.mathieukls.ios-sandbox-twoUITests";
				PRODUCT_NAME = "$(TARGET_NAME)";
				SWIFT_VERSION = 4.0;
				TARGETED_DEVICE_FAMILY = "1,2";
				TEST_TARGET_NAME = "ios-sandbox-two";
			};
			name = Debug;
		};
		4E5098DA20FDEBB600DE7FC3 /* Release */ = {
			isa = XCBuildConfiguration;
			buildSettings = {
				ALWAYS_EMBED_SWIFT_STANDARD_LIBRARIES = YES;
				CODE_SIGN_STYLE = Automatic;
				INFOPLIST_FILE = "ios-sandbox-twoUITests/Info.plist";
				LD_RUNPATH_SEARCH_PATHS = (
					"$(inherited)",
					"@executable_path/Frameworks",
					"@loader_path/Frameworks",
				);
				PRODUCT_BUNDLE_IDENTIFIER = "com.mathieukls.ios-sandbox-twoUITests";
				PRODUCT_NAME = "$(TARGET_NAME)";
				SWIFT_VERSION = 4.0;
				TARGETED_DEVICE_FAMILY = "1,2";
				TEST_TARGET_NAME = "ios-sandbox-two";
			};
			name = Release;
		};
/* End XCBuildConfiguration section */

/* Begin XCConfigurationList section */
		4E5098A520FDEBB500DE7FC3 /* Build configuration list for PBXProject "ios-sandbox-two" */ = {
			isa = XCConfigurationList;
			buildConfigurations = (
				4E5098D020FDEBB600DE7FC3 /* Debug */,
				4E5098D120FDEBB600DE7FC3 /* Release */,
			);
			defaultConfigurationIsVisible = 0;
			defaultConfigurationName = Release;
		};
		4E5098D220FDEBB600DE7FC3 /* Build configuration list for PBXNativeTarget "ios-sandbox-two" */ = {
			isa = XCConfigurationList;
			buildConfigurations = (
				4E5098D320FDEBB600DE7FC3 /* Debug */,
				4E5098D420FDEBB600DE7FC3 /* Release */,
			);
			defaultConfigurationIsVisible = 0;
			defaultConfigurationName = Release;
		};
		4E5098D520FDEBB600DE7FC3 /* Build configuration list for PBXNativeTarget "ios-sandbox-twoTests" */ = {
			isa = XCConfigurationList;
			buildConfigurations = (
				4E5098D620FDEBB600DE7FC3 /* Debug */,
				4E5098D720FDEBB600DE7FC3 /* Release */,
			);
			defaultConfigurationIsVisible = 0;
			defaultConfigurationName = Release;
		};
		4E5098D820FDEBB600DE7FC3 /* Build configuration list for PBXNativeTarget "ios-sandbox-twoUITests" */ = {
			isa = XCConfigurationList;
			buildConfigurations = (
				4E5098D920FDEBB600DE7FC3 /* Debug */,
				4E5098DA20FDEBB600DE7FC3 /* Release */,
			);
			defaultConfigurationIsVisible = 0;
			defaultConfigurationName = Release;
		};
/* End XCConfigurationList section */
	};
	rootObject = 4E5098A220FDEBB500DE7FC3 /* Project object */;
}
